{
  "version": 4,
  "terraform_version": "1.9.6",
  "serial": 573,
  "lineage": "318d5ec6-51f3-d20a-4a6e-97107292f42d",
  "outputs": {
    "public_ips": {
      "value": [
        "89.169.139.60",
        "89.169.147.64"
      ],
      "type": [
        "tuple",
        [
          "string",
          "string"
        ]
      ]
    }
  },
  "resources": [
    {
      "mode": "data",
      "type": "yandex_compute_image",
      "name": "ubuntu_image",
      "provider": "provider[\"registry.terraform.io/yandex-cloud/yandex\"]",
      "instances": [
        {
          "schema_version": 0,
          "attributes": {
            "created_at": "2024-09-30T11:03:18Z",
            "description": "ubuntu 22.04 lts",
            "family": "ubuntu-2204-lts",
            "folder_id": "standard-images",
            "id": "fd8903kfblsnlo483hoj",
            "image_id": "fd8903kfblsnlo483hoj",
            "labels": {},
            "min_disk_size": 8,
            "name": "ubuntu-22-04-lts-v20240930",
            "os_type": "linux",
            "product_ids": [
              "f2ebmjp1332u167hhp62"
            ],
            "size": 7,
            "status": "ready"
          },
          "sensitive_attributes": []
        }
      ]
    },
    {
      "mode": "managed",
      "type": "yandex_compute_instance",
      "name": "k8s_nodes",
      "provider": "provider[\"registry.terraform.io/yandex-cloud/yandex\"]",
      "instances": [
        {
          "index_key": 0,
          "schema_version": 1,
          "attributes": {
            "allow_stopping_for_update": null,
            "boot_disk": [
              {
                "auto_delete": true,
                "device_name": "fhmi4l2corsqobueu9bv",
                "disk_id": "fhmi4l2corsqobueu9bv",
                "initialize_params": [
                  {
                    "description": "",
                    "image_id": "fd8903kfblsnlo483hoj",
                    "name": "",
                    "size": 28,
                    "snapshot_id": "",
                    "type": "network-hdd"
                  }
                ],
                "mode": "READ_WRITE"
              }
            ],
            "created_at": "2024-10-01T07:58:35Z",
            "description": "",
            "folder_id": "b1gkdjevqctuq72rt07i",
            "fqdn": "fhmj0abeooiat97f4frh.auto.internal",
            "hostname": "fhmj0abeooiat97f4frh",
            "id": "fhmj0abeooiat97f4frh",
            "labels": null,
            "metadata": {
              "ssh-keys": "your-username:ssh-rsa AAAAB3NzaC1yc2EAAAADAQABAAABgQDiaYzvH9K8kCXW1+n4iKv2UTUonLAp0lZC9NCLnIWeajP13tRuzDsxGiHLj5D1hQvd7L+N3X6CLtyJN6dL6uBm84gTXTIBNUmoZes4DZY9bozzFqzw7aladtCFF5gtYdWzvbZuJvpPkXuyanpxJvG1+4fdLwybbX0gdOj5aB0hTe3EkCzzM/MIl+wVQYy5hg42k7ytnT3ZBUNYDTTpJC94V3J3deK/c1yEY/C5KZCIZAPVYl1B8we8eIoCZVNG38uje7GCm5M0EhsnUnq5VX2lMzhafEga2Zo3dPkbDhnLznMNzauiAFYtCz9CwJKbjB6rP6W4MH/cSOJVy8eauo8OhMuTQS1kgVSFM/+RBxjA9Em3Vi9tEJQh9Bxwr/Wmqw0fIWre0sLiKr9a6tf7g0G96EAfCSycDLfaD5MJOpyWV+cMrL0poxViHbxfc2UsH+w3MbeK2bbHxpeX2xH/I68u9qQxv42fh8qVXybUZa2LT0ceEuK1lIrHnm/vEzmbALU= elzasutebaev@kubedocker"
            },
            "name": "k8s-node-1",
            "network_acceleration_type": "standard",
            "network_interface": [
              {
                "dns_record": [],
                "index": 0,
                "ip_address": "10.0.0.22",
                "ipv4": true,
                "ipv6": false,
                "ipv6_address": "",
                "ipv6_dns_record": [],
                "mac_address": "d0:0d:13:02:96:ec",
                "nat": true,
                "nat_dns_record": [],
                "nat_ip_address": "89.169.139.60",
                "nat_ip_version": "IPV4",
                "security_group_ids": [
                  "enphha39nfpp5platdp5"
                ],
                "subnet_id": "e9b7tbrrq1qct3mv5l80"
              }
            ],
            "placement_policy": [
              {
                "placement_group_id": ""
              }
            ],
            "platform_id": "standard-v1",
            "resources": [
              {
                "core_fraction": 100,
                "cores": 4,
                "gpus": 0,
                "memory": 8
              }
            ],
            "scheduling_policy": [
              {
                "preemptible": false
              }
            ],
            "secondary_disk": [],
            "service_account_id": "",
            "status": "running",
            "timeouts": null,
            "zone": "ru-central1-a"
          },
          "sensitive_attributes": [],
          "private": "eyJlMmJmYjczMC1lY2FhLTExZTYtOGY4OC0zNDM2M2JjN2M0YzAiOnsiY3JlYXRlIjozMDAwMDAwMDAwMDAsImRlbGV0ZSI6MzAwMDAwMDAwMDAwLCJ1cGRhdGUiOjMwMDAwMDAwMDAwMH0sInNjaGVtYV92ZXJzaW9uIjoiMSJ9",
          "dependencies": [
            "data.yandex_compute_image.ubuntu_image",
            "yandex_vpc_address.external_ip",
            "yandex_vpc_network.lab_net",
            "yandex_vpc_security_group.group1",
            "yandex_vpc_subnet.my_subnet"
          ]
        },
        {
          "index_key": 1,
          "schema_version": 1,
          "attributes": {
            "allow_stopping_for_update": null,
            "boot_disk": [
              {
                "auto_delete": true,
                "device_name": "fhm3p6t672t13mgfi72j",
                "disk_id": "fhm3p6t672t13mgfi72j",
                "initialize_params": [
                  {
                    "description": "",
                    "image_id": "fd8903kfblsnlo483hoj",
                    "name": "",
                    "size": 28,
                    "snapshot_id": "",
                    "type": "network-hdd"
                  }
                ],
                "mode": "READ_WRITE"
              }
            ],
            "created_at": "2024-10-01T07:58:35Z",
            "description": "",
            "folder_id": "b1gkdjevqctuq72rt07i",
            "fqdn": "fhm8prnhbvrob4tbcotq.auto.internal",
            "hostname": "fhm8prnhbvrob4tbcotq",
            "id": "fhm8prnhbvrob4tbcotq",
            "labels": null,
            "metadata": {
              "ssh-keys": "your-username:ssh-rsa AAAAB3NzaC1yc2EAAAADAQABAAABgQDiaYzvH9K8kCXW1+n4iKv2UTUonLAp0lZC9NCLnIWeajP13tRuzDsxGiHLj5D1hQvd7L+N3X6CLtyJN6dL6uBm84gTXTIBNUmoZes4DZY9bozzFqzw7aladtCFF5gtYdWzvbZuJvpPkXuyanpxJvG1+4fdLwybbX0gdOj5aB0hTe3EkCzzM/MIl+wVQYy5hg42k7ytnT3ZBUNYDTTpJC94V3J3deK/c1yEY/C5KZCIZAPVYl1B8we8eIoCZVNG38uje7GCm5M0EhsnUnq5VX2lMzhafEga2Zo3dPkbDhnLznMNzauiAFYtCz9CwJKbjB6rP6W4MH/cSOJVy8eauo8OhMuTQS1kgVSFM/+RBxjA9Em3Vi9tEJQh9Bxwr/Wmqw0fIWre0sLiKr9a6tf7g0G96EAfCSycDLfaD5MJOpyWV+cMrL0poxViHbxfc2UsH+w3MbeK2bbHxpeX2xH/I68u9qQxv42fh8qVXybUZa2LT0ceEuK1lIrHnm/vEzmbALU= elzasutebaev@kubedocker"
            },
            "name": "k8s-node-2",
            "network_acceleration_type": "standard",
            "network_interface": [
              {
                "dns_record": [],
                "index": 0,
                "ip_address": "10.0.0.27",
                "ipv4": true,
                "ipv6": false,
                "ipv6_address": "",
                "ipv6_dns_record": [],
                "mac_address": "d0:0d:8c:ee:f1:5f",
                "nat": true,
                "nat_dns_record": [],
                "nat_ip_address": "89.169.147.64",
                "nat_ip_version": "IPV4",
                "security_group_ids": [
                  "enphha39nfpp5platdp5"
                ],
                "subnet_id": "e9b7tbrrq1qct3mv5l80"
              }
            ],
            "placement_policy": [
              {
                "placement_group_id": ""
              }
            ],
            "platform_id": "standard-v1",
            "resources": [
              {
                "core_fraction": 100,
                "cores": 4,
                "gpus": 0,
                "memory": 8
              }
            ],
            "scheduling_policy": [
              {
                "preemptible": false
              }
            ],
            "secondary_disk": [],
            "service_account_id": "",
            "status": "running",
            "timeouts": null,
            "zone": "ru-central1-a"
          },
          "sensitive_attributes": [],
          "private": "eyJlMmJmYjczMC1lY2FhLTExZTYtOGY4OC0zNDM2M2JjN2M0YzAiOnsiY3JlYXRlIjozMDAwMDAwMDAwMDAsImRlbGV0ZSI6MzAwMDAwMDAwMDAwLCJ1cGRhdGUiOjMwMDAwMDAwMDAwMH0sInNjaGVtYV92ZXJzaW9uIjoiMSJ9",
          "dependencies": [
            "data.yandex_compute_image.ubuntu_image",
            "yandex_vpc_address.external_ip",
            "yandex_vpc_network.lab_net",
            "yandex_vpc_security_group.group1",
            "yandex_vpc_subnet.my_subnet"
          ]
        }
      ]
    },
    {
      "mode": "managed",
      "type": "yandex_vpc_address",
      "name": "external_ip",
      "provider": "provider[\"registry.terraform.io/yandex-cloud/yandex\"]",
      "instances": [
        {
          "index_key": 0,
          "schema_version": 0,
          "attributes": {
            "created_at": "2024-10-01T07:58:32Z",
            "description": "",
            "external_ipv4_address": [
              {
                "address": "89.169.139.60",
                "ddos_protection_provider": "",
                "outgoing_smtp_capability": "",
                "zone_id": "ru-central1-a"
              }
            ],
            "folder_id": "b1gkdjevqctuq72rt07i",
            "id": "e9bin7jkoomribe92sqa",
            "labels": null,
            "name": "k8s-node-1",
            "reserved": true,
            "timeouts": null,
            "used": false
          },
          "sensitive_attributes": [],
          "private": "eyJlMmJmYjczMC1lY2FhLTExZTYtOGY4OC0zNDM2M2JjN2M0YzAiOnsiY3JlYXRlIjozMDAwMDAwMDAwMCwiZGVsZXRlIjozMDAwMDAwMDAwMCwidXBkYXRlIjozMDAwMDAwMDAwMH19"
        },
        {
          "index_key": 1,
          "schema_version": 0,
          "attributes": {
            "created_at": "2024-10-01T07:58:31Z",
            "description": "",
            "external_ipv4_address": [
              {
                "address": "89.169.147.64",
                "ddos_protection_provider": "",
                "outgoing_smtp_capability": "",
                "zone_id": "ru-central1-a"
              }
            ],
            "folder_id": "b1gkdjevqctuq72rt07i",
            "id": "e9ba5jprbih1q1bcliv1",
            "labels": null,
            "name": "k8s-node-2",
            "reserved": true,
            "timeouts": null,
            "used": false
          },
          "sensitive_attributes": [],
          "private": "eyJlMmJmYjczMC1lY2FhLTExZTYtOGY4OC0zNDM2M2JjN2M0YzAiOnsiY3JlYXRlIjozMDAwMDAwMDAwMCwiZGVsZXRlIjozMDAwMDAwMDAwMCwidXBkYXRlIjozMDAwMDAwMDAwMH19"
        }
      ]
    },
    {
      "mode": "managed",
      "type": "yandex_vpc_network",
      "name": "lab_net",
      "provider": "provider[\"registry.terraform.io/yandex-cloud/yandex\"]",
      "instances": [
        {
          "schema_version": 0,
          "attributes": {
            "created_at": "2024-10-01T07:58:31Z",
            "default_security_group_id": "enp3v01ek8s9vutdmqt6",
            "description": "",
            "folder_id": "b1gkdjevqctuq72rt07i",
            "id": "enppf8ds81ij51o0ivok",
            "labels": null,
            "name": "lab-network",
            "subnet_ids": [],
            "timeouts": null
          },
          "sensitive_attributes": [],
          "private": "eyJlMmJmYjczMC1lY2FhLTExZTYtOGY4OC0zNDM2M2JjN2M0YzAiOnsiY3JlYXRlIjo2MDAwMDAwMDAwMCwiZGVsZXRlIjo2MDAwMDAwMDAwMCwidXBkYXRlIjo2MDAwMDAwMDAwMH19"
        }
      ]
    },
    {
      "mode": "managed",
      "type": "yandex_vpc_security_group",
      "name": "group1",
      "provider": "provider[\"registry.terraform.io/yandex-cloud/yandex\"]",
      "instances": [
        {
          "schema_version": 0,
          "attributes": {
            "created_at": "2024-10-01T07:58:34Z",
            "description": "Security group for Kubernetes nodes",
            "egress": [
              {
                "description": "Allow all outgoing traffic",
                "from_port": -1,
                "id": "enp95f3jujupgf6sgrea",
                "labels": {},
                "port": -1,
                "predefined_target": "",
                "protocol": "ANY",
                "security_group_id": "",
                "to_port": -1,
                "v4_cidr_blocks": [
                  "0.0.0.0/0"
                ],
                "v6_cidr_blocks": []
              }
            ],
            "folder_id": "b1gkdjevqctuq72rt07i",
            "id": "enphha39nfpp5platdp5",
            "ingress": [
              {
                "description": "Allow SSH",
                "from_port": -1,
                "id": "enpk0isfgkgo181guun4",
                "labels": {},
                "port": 22,
                "predefined_target": "",
                "protocol": "TCP",
                "security_group_id": "",
                "to_port": -1,
                "v4_cidr_blocks": [
                  "0.0.0.0/0"
                ],
                "v6_cidr_blocks": []
              }
            ],
            "labels": null,
            "name": "my-security-group",
            "network_id": "enppf8ds81ij51o0ivok",
            "status": "ACTIVE",
            "timeouts": null
          },
          "sensitive_attributes": [],
          "private": "eyJlMmJmYjczMC1lY2FhLTExZTYtOGY4OC0zNDM2M2JjN2M0YzAiOnsiY3JlYXRlIjoxODAwMDAwMDAwMDAsImRlbGV0ZSI6MTgwMDAwMDAwMDAwLCJ1cGRhdGUiOjE4MDAwMDAwMDAwMH19",
          "dependencies": [
            "yandex_vpc_network.lab_net"
          ]
        }
      ]
    },
    {
      "mode": "managed",
      "type": "yandex_vpc_subnet",
      "name": "my_subnet",
      "provider": "provider[\"registry.terraform.io/yandex-cloud/yandex\"]",
      "instances": [
        {
          "schema_version": 0,
          "attributes": {
            "created_at": "2024-10-01T07:58:33Z",
            "description": "",
            "dhcp_options": [],
            "folder_id": "b1gkdjevqctuq72rt07i",
            "id": "e9b7tbrrq1qct3mv5l80",
            "labels": null,
            "name": "my-subnet",
            "network_id": "enppf8ds81ij51o0ivok",
            "route_table_id": "",
            "timeouts": null,
            "v4_cidr_blocks": [
              "10.0.0.0/24"
            ],
            "v6_cidr_blocks": [],
            "zone": "ru-central1-a"
          },
          "sensitive_attributes": [],
          "private": "eyJlMmJmYjczMC1lY2FhLTExZTYtOGY4OC0zNDM2M2JjN2M0YzAiOnsiY3JlYXRlIjoxODAwMDAwMDAwMDAsImRlbGV0ZSI6MTgwMDAwMDAwMDAwLCJ1cGRhdGUiOjE4MDAwMDAwMDAwMH19",
          "dependencies": [
            "yandex_vpc_network.lab_net"
          ]
        }
      ]
    }
  ],
  "check_results": null
}
